
Microsoft Visual Studio Solution File, Format Version 12.00
# Visual Studio Version 17
VisualStudioVersion = 17.6.33829.357
MinimumVisualStudioVersion = 10.0.40219.1
Project("{FAE04EC0-301F-11D3-BF4B-00C04F79EFBC}") = "OpenWeatherConsole", "OpenWeatherConsole\OpenWeatherConsole.csproj", "{C4C6B6B6-980A-4516-A410-9B16D1C2B101}"
EndProject
Global
	GlobalSection(SolutionConfigurationPlatforms) = preSolution
		Debug|Any CPU = Debug|Any CPU
		Release|Any CPU = Release|Any CPU
	EndGlobalSection
	GlobalSection(ProjectConfigurationPlatforms) = postSolution
		{C4C6B6B6-980A-4516-A410-9B16D1C2B101}.Debug|Any CPU.ActiveCfg = Debug|Any CPU
		{C4C6B6B6-980A-4516-A410-9B16D1C2B101}.Debug|Any CPU.Build.0 = Debug|Any CPU
		{C4C6B6B6-980A-4516-A410-9B16D1C2B101}.Release|Any CPU.ActiveCfg = Release|Any CPU
		{C4C6B6B6-980A-4516-A410-9B16D1C2B101}.Release|Any CPU.Build.0 = Release|Any CPU
	EndGlobalSection
	GlobalSection(SolutionProperties) = preSolution
		HideSolutionNode = FALSE
	EndGlobalSection
	GlobalSection(ExtensibilityGlobals) = postSolution
		SolutionGuid = {24D24D34-09D3-401D-833F-B8B26436B8E0}
	EndGlobalSection
EndGlobal
